
Microsoft Visual Studio Solution File, Format Version 12.00
# Visual Studio Version 17
VisualStudioVersion = 17.5.33530.505
MinimumVisualStudioVersion = 10.0.40219.1
Project("{FAE04EC0-301F-11D3-BF4B-00C04F79EFBC}") = "JJJ26", "JJJ26.csproj", "{99EF3E2C-159E-436D-B0EB-8F4CCAB08D22}"
EndProject
Global
	GlobalSection(SolutionConfigurationPlatforms) = preSolution
		Debug|Any CPU = Debug|Any CPU
		Release|Any CPU = Release|Any CPU
	EndGlobalSection
	GlobalSection(ProjectConfigurationPlatforms) = postSolution
		{99EF3E2C-159E-436D-B0EB-8F4CCAB08D22}.Debug|Any CPU.ActiveCfg = Debug|Any CPU
		{99EF3E2C-159E-436D-B0EB-8F4CCAB08D22}.Debug|Any CPU.Build.0 = Debug|Any CPU
		{99EF3E2C-159E-436D-B0EB-8F4CCAB08D22}.Release|Any CPU.ActiveCfg = Release|Any CPU
		{99EF3E2C-159E-436D-B0EB-8F4CCAB08D22}.Release|Any CPU.Build.0 = Release|Any CPU
	EndGlobalSection
	GlobalSection(SolutionProperties) = preSolution
		HideSolutionNode = FALSE
	EndGlobalSection
	GlobalSection(ExtensibilityGlobals) = postSolution
		SolutionGuid = {D76E3AE7-9F89-4B95-888F-A42817A52A27}
	EndGlobalSection
EndGlobal
